
Microsoft Visual Studio Solution File, Format Version 12.00
# Visual Studio 15
VisualStudioVersion = 15.0.28307.1062
MinimumVisualStudioVersion = 10.0.40219.1
Project("{FAE04EC0-301F-11D3-BF4B-00C04F79EFBC}") = "484 Senior Design", "484 Senior Design\484 Senior Design.csproj", "{3DD41073-7C9B-4F9F-80D6-02BD1C954C22}"
EndProject
Global
	GlobalSection(SolutionConfigurationPlatforms) = preSolution
		Debug|Any CPU = Debug|Any CPU
		Release|Any CPU = Release|Any CPU
	EndGlobalSection
	GlobalSection(ProjectConfigurationPlatforms) = postSolution
		{3DD41073-7C9B-4F9F-80D6-02BD1C954C22}.Debug|Any CPU.ActiveCfg = Debug|Any CPU
		{3DD41073-7C9B-4F9F-80D6-02BD1C954C22}.Debug|Any CPU.Build.0 = Debug|Any CPU
		{3DD41073-7C9B-4F9F-80D6-02BD1C954C22}.Release|Any CPU.ActiveCfg = Release|Any CPU
		{3DD41073-7C9B-4F9F-80D6-02BD1C954C22}.Release|Any CPU.Build.0 = Release|Any CPU
	EndGlobalSection
	GlobalSection(SolutionProperties) = preSolution
		HideSolutionNode = FALSE
	EndGlobalSection
	GlobalSection(ExtensibilityGlobals) = postSolution
		SolutionGuid = {33B9FDBD-D5CB-411E-8348-C3B342A10AAB}
	EndGlobalSection
EndGlobal
